
Microsoft Visual Studio Solution File, Format Version 12.00
# Visual Studio Version 17
VisualStudioVersion = 17.7.34221.43
MinimumVisualStudioVersion = 10.0.40219.1
Project("{FAE04EC0-301F-11D3-BF4B-00C04F79EFBC}") = "TestStore", "TestStore\TestStore.csproj", "{2633C572-8914-4B6D-BA73-116C46F4FB73}"
EndProject
Global
	GlobalSection(SolutionConfigurationPlatforms) = preSolution
		Debug|Any CPU = Debug|Any CPU
		Release|Any CPU = Release|Any CPU
	EndGlobalSection
	GlobalSection(ProjectConfigurationPlatforms) = postSolution
		{2633C572-8914-4B6D-BA73-116C46F4FB73}.Debug|Any CPU.ActiveCfg = Debug|Any CPU
		{2633C572-8914-4B6D-BA73-116C46F4FB73}.Debug|Any CPU.Build.0 = Debug|Any CPU
		{2633C572-8914-4B6D-BA73-116C46F4FB73}.Release|Any CPU.ActiveCfg = Release|Any CPU
		{2633C572-8914-4B6D-BA73-116C46F4FB73}.Release|Any CPU.Build.0 = Release|Any CPU
	EndGlobalSection
	GlobalSection(SolutionProperties) = preSolution
		HideSolutionNode = FALSE
	EndGlobalSection
	GlobalSection(ExtensibilityGlobals) = postSolution
		SolutionGuid = {3D899469-F276-4D10-BE2B-F2C8FFD11D3E}
	EndGlobalSection
EndGlobal
